
Microsoft Visual Studio Solution File, Format Version 12.00
# Visual Studio Version 17
VisualStudioVersion = 17.14.36221.1
MinimumVisualStudioVersion = 10.0.40219.1
Project("{FAE04EC0-301F-11D3-BF4B-00C04F79EFBC}") = "SystemExamApi", "SystemExamApi\SystemExamApi.csproj", "{EFFE8A82-056E-4C8E-B3A0-770E1C25D66A}"
EndProject
Project("{FAE04EC0-301F-11D3-BF4B-00C04F79EFBC}") = "SystemExamWeb", "SystemExamWeb\SystemExamWeb.csproj", "{A03C17CA-50E9-442F-A721-791A38CF9913}"
EndProject
Global
	GlobalSection(SolutionConfigurationPlatforms) = preSolution
		Debug|Any CPU = Debug|Any CPU
		Release|Any CPU = Release|Any CPU
	EndGlobalSection
	GlobalSection(ProjectConfigurationPlatforms) = postSolution
		{EFFE8A82-056E-4C8E-B3A0-770E1C25D66A}.Debug|Any CPU.ActiveCfg = Debug|Any CPU
		{EFFE8A82-056E-4C8E-B3A0-770E1C25D66A}.Debug|Any CPU.Build.0 = Debug|Any CPU
		{EFFE8A82-056E-4C8E-B3A0-770E1C25D66A}.Release|Any CPU.ActiveCfg = Release|Any CPU
		{EFFE8A82-056E-4C8E-B3A0-770E1C25D66A}.Release|Any CPU.Build.0 = Release|Any CPU
		{A03C17CA-50E9-442F-A721-791A38CF9913}.Debug|Any CPU.ActiveCfg = Debug|Any CPU
		{A03C17CA-50E9-442F-A721-791A38CF9913}.Debug|Any CPU.Build.0 = Debug|Any CPU
		{A03C17CA-50E9-442F-A721-791A38CF9913}.Release|Any CPU.ActiveCfg = Release|Any CPU
		{A03C17CA-50E9-442F-A721-791A38CF9913}.Release|Any CPU.Build.0 = Release|Any CPU
	EndGlobalSection
	GlobalSection(SolutionProperties) = preSolution
		HideSolutionNode = FALSE
	EndGlobalSection
	GlobalSection(ExtensibilityGlobals) = postSolution
		SolutionGuid = {D8D8F809-C6B0-4323-A15B-8C5F84486B48}
	EndGlobalSection
EndGlobal
